
Microsoft Visual Studio Solution File, Format Version 12.00
# Visual Studio Version 17
VisualStudioVersion = 17.14.36511.14
MinimumVisualStudioVersion = 10.0.40219.1
Project("{FAE04EC0-301F-11D3-BF4B-00C04F79EFBC}") = "CRM.Model", "CRM.Model\CRM.Model.csproj", "{A0655090-4ADF-4EE4-83C6-938A0287A4FC}"
EndProject
Project("{FAE04EC0-301F-11D3-BF4B-00C04F79EFBC}") = "CRM.ApplicationSqlDbContext", "CRM.ApplicationSqlDbContext\CRM.ApplicationSqlDbContext.csproj", "{F6EFA34D-BA44-4F46-BA85-C8D8A0F402C9}"
EndProject
Global
	GlobalSection(SolutionConfigurationPlatforms) = preSolution
		Debug|Any CPU = Debug|Any CPU
		Release|Any CPU = Release|Any CPU
	EndGlobalSection
	GlobalSection(ProjectConfigurationPlatforms) = postSolution
		{A0655090-4ADF-4EE4-83C6-938A0287A4FC}.Debug|Any CPU.ActiveCfg = Debug|Any CPU
		{A0655090-4ADF-4EE4-83C6-938A0287A4FC}.Debug|Any CPU.Build.0 = Debug|Any CPU
		{A0655090-4ADF-4EE4-83C6-938A0287A4FC}.Release|Any CPU.ActiveCfg = Release|Any CPU
		{A0655090-4ADF-4EE4-83C6-938A0287A4FC}.Release|Any CPU.Build.0 = Release|Any CPU
		{F6EFA34D-BA44-4F46-BA85-C8D8A0F402C9}.Debug|Any CPU.ActiveCfg = Debug|Any CPU
		{F6EFA34D-BA44-4F46-BA85-C8D8A0F402C9}.Debug|Any CPU.Build.0 = Debug|Any CPU
		{F6EFA34D-BA44-4F46-BA85-C8D8A0F402C9}.Release|Any CPU.ActiveCfg = Release|Any CPU
		{F6EFA34D-BA44-4F46-BA85-C8D8A0F402C9}.Release|Any CPU.Build.0 = Release|Any CPU
	EndGlobalSection
	GlobalSection(SolutionProperties) = preSolution
		HideSolutionNode = FALSE
	EndGlobalSection
	GlobalSection(ExtensibilityGlobals) = postSolution
		SolutionGuid = {3C7F83D0-CB3F-4B1C-9C22-5BE4F5F2205C}
	EndGlobalSection
EndGlobal
