
Microsoft Visual Studio Solution File, Format Version 12.00
# Visual Studio Version 17
VisualStudioVersion = 17.14.36511.14
MinimumVisualStudioVersion = 10.0.40219.1
Project("{FAE04EC0-301F-11D3-BF4B-00C04F79EFBC}") = "NetWatch.Model", "NetWatch.Model\NetWatch.Model.csproj", "{29F2862E-A39A-49A5-820B-FCC5C52C4E21}"
EndProject
Project("{FAE04EC0-301F-11D3-BF4B-00C04F79EFBC}") = "NetWatch.DAL", "NetWatch.DAL\NetWatch.DAL.csproj", "{0A700230-ACAE-4FE6-BD5B-0137ACDBF591}"
EndProject
Project("{FAE04EC0-301F-11D3-BF4B-00C04F79EFBC}") = "NetWatch.Desktop", "NetWatch.Desktop\NetWatch.Desktop.csproj", "{AD4F7FBB-61C9-4F74-A582-223F414C8D2A}"
EndProject
Global
	GlobalSection(SolutionConfigurationPlatforms) = preSolution
		Debug|Any CPU = Debug|Any CPU
		Debug|x64 = Debug|x64
		Debug|x86 = Debug|x86
		Release|Any CPU = Release|Any CPU
		Release|x64 = Release|x64
		Release|x86 = Release|x86
	EndGlobalSection
	GlobalSection(ProjectConfigurationPlatforms) = postSolution
		{29F2862E-A39A-49A5-820B-FCC5C52C4E21}.Debug|Any CPU.ActiveCfg = Debug|Any CPU
		{29F2862E-A39A-49A5-820B-FCC5C52C4E21}.Debug|Any CPU.Build.0 = Debug|Any CPU
		{29F2862E-A39A-49A5-820B-FCC5C52C4E21}.Debug|x64.ActiveCfg = Debug|Any CPU
		{29F2862E-A39A-49A5-820B-FCC5C52C4E21}.Debug|x64.Build.0 = Debug|Any CPU
		{29F2862E-A39A-49A5-820B-FCC5C52C4E21}.Debug|x86.ActiveCfg = Debug|Any CPU
		{29F2862E-A39A-49A5-820B-FCC5C52C4E21}.Debug|x86.Build.0 = Debug|Any CPU
		{29F2862E-A39A-49A5-820B-FCC5C52C4E21}.Release|Any CPU.ActiveCfg = Release|Any CPU
		{29F2862E-A39A-49A5-820B-FCC5C52C4E21}.Release|Any CPU.Build.0 = Release|Any CPU
		{29F2862E-A39A-49A5-820B-FCC5C52C4E21}.Release|x64.ActiveCfg = Release|Any CPU
		{29F2862E-A39A-49A5-820B-FCC5C52C4E21}.Release|x64.Build.0 = Release|Any CPU
		{29F2862E-A39A-49A5-820B-FCC5C52C4E21}.Release|x86.ActiveCfg = Release|Any CPU
		{29F2862E-A39A-49A5-820B-FCC5C52C4E21}.Release|x86.Build.0 = Release|Any CPU
		{0A700230-ACAE-4FE6-BD5B-0137ACDBF591}.Debug|Any CPU.ActiveCfg = Debug|Any CPU
		{0A700230-ACAE-4FE6-BD5B-0137ACDBF591}.Debug|Any CPU.Build.0 = Debug|Any CPU
		{0A700230-ACAE-4FE6-BD5B-0137ACDBF591}.Debug|x64.ActiveCfg = Debug|Any CPU
		{0A700230-ACAE-4FE6-BD5B-0137ACDBF591}.Debug|x64.Build.0 = Debug|Any CPU
		{0A700230-ACAE-4FE6-BD5B-0137ACDBF591}.Debug|x86.ActiveCfg = Debug|Any CPU
		{0A700230-ACAE-4FE6-BD5B-0137ACDBF591}.Debug|x86.Build.0 = Debug|Any CPU
		{0A700230-ACAE-4FE6-BD5B-0137ACDBF591}.Release|Any CPU.ActiveCfg = Release|Any CPU
		{0A700230-ACAE-4FE6-BD5B-0137ACDBF591}.Release|Any CPU.Build.0 = Release|Any CPU
		{0A700230-ACAE-4FE6-BD5B-0137ACDBF591}.Release|x64.ActiveCfg = Release|Any CPU
		{0A700230-ACAE-4FE6-BD5B-0137ACDBF591}.Release|x64.Build.0 = Release|Any CPU
		{0A700230-ACAE-4FE6-BD5B-0137ACDBF591}.Release|x86.ActiveCfg = Release|Any CPU
		{0A700230-ACAE-4FE6-BD5B-0137ACDBF591}.Release|x86.Build.0 = Release|Any CPU
		{AD4F7FBB-61C9-4F74-A582-223F414C8D2A}.Debug|Any CPU.ActiveCfg = Debug|Any CPU
		{AD4F7FBB-61C9-4F74-A582-223F414C8D2A}.Debug|Any CPU.Build.0 = Debug|Any CPU
		{AD4F7FBB-61C9-4F74-A582-223F414C8D2A}.Debug|x64.ActiveCfg = Debug|Any CPU
		{AD4F7FBB-61C9-4F74-A582-223F414C8D2A}.Debug|x64.Build.0 = Debug|Any CPU
		{AD4F7FBB-61C9-4F74-A582-223F414C8D2A}.Debug|x86.ActiveCfg = Debug|Any CPU
		{AD4F7FBB-61C9-4F74-A582-223F414C8D2A}.Debug|x86.Build.0 = Debug|Any CPU
		{AD4F7FBB-61C9-4F74-A582-223F414C8D2A}.Release|Any CPU.ActiveCfg = Release|Any CPU
		{AD4F7FBB-61C9-4F74-A582-223F414C8D2A}.Release|Any CPU.Build.0 = Release|Any CPU
		{AD4F7FBB-61C9-4F74-A582-223F414C8D2A}.Release|x64.ActiveCfg = Release|Any CPU
		{AD4F7FBB-61C9-4F74-A582-223F414C8D2A}.Release|x64.Build.0 = Release|Any CPU
		{AD4F7FBB-61C9-4F74-A582-223F414C8D2A}.Release|x86.ActiveCfg = Release|Any CPU
		{AD4F7FBB-61C9-4F74-A582-223F414C8D2A}.Release|x86.Build.0 = Release|Any CPU
	EndGlobalSection
	GlobalSection(SolutionProperties) = preSolution
		HideSolutionNode = FALSE
	EndGlobalSection
	GlobalSection(ExtensibilityGlobals) = postSolution
		SolutionGuid = {1E062C13-EC47-4CBB-A332-9374F9852673}
	EndGlobalSection
EndGlobal
