<Solution>
  <Project Path="StudApp.Mobile/StudApp.Mobile.csproj" Id="731c735c-4dfd-409d-a3e0-e2dcbee49fac" />
  <Project Path="StudApp.Models/StudApp.Models.csproj" Id="6603652d-5461-4190-80d6-418292ef195f" />
  <Project Path="StudApp.SqliteDbContext/StudApp.AppDbContext.csproj" Id="d2498fb1-939b-4dca-a38c-0702a0a14b44" />
</Solution>
